<?xml version="1.0" encoding="utf-8"?>
<Project ToolsVersion="4.0" xmlns="http://schemas.microsoft.com/developer/msbuild/2003">
  <ItemGroup>
    <Filter Include="Source Files">
      <UniqueIdentifier>{4FC737F1-C7A5-4376-A066-2A32D752A2FF}</UniqueIdentifier>
      <Extensions>cpp;c;cc;cxx;def;odl;idl;hpj;bat;asm;asmx</Extensions>
    </Filter>
    <Filter Include="Header Files">
      <UniqueIdentifier>{93995380-89BD-4b04-88EB-625FBE52EBFB}</UniqueIdentifier>
      <Extensions>h;hpp;hxx;hm;inl;inc;xsd</Extensions>
    </Filter>
    <Filter Include="Shader Files">
      <UniqueIdentifier>{67DA6AB6-F800-4c08-8B7A-83BB121AAD01}</UniqueIdentifier>
      <Extensions>rc;ico;cur;bmp;dlg;rc2;rct;bin;rgs;gif;jpg;jpeg;jpe;resx;tiff;tif;png;wav;mfcribbon-ms</Extensions>
    </Filter>
    <Filter Include="Shader Files\Convolution">
      <UniqueIdentifier>{6cc81bd1-0509-4f0a-bb6a-7c0b74e222b6}</UniqueIdentifier>
    </Filter>
    <Filter Include="Shader Files\Fluid">
      <UniqueIdentifier>{68dd6257-dff9-42d0-9f7b-62e8e50584b0}</UniqueIdentifier>
    </Filter>
    <Filter Include="Shader Files\Font">
      <UniqueIdentifier>{6445d52d-6399-46ed-817b-8996087d516e}</UniqueIdentifier>
    </Filter>
    <Filter Include="Shader Files\Texture">
      <UniqueIdentifier>{061b70d6-d890-4de1-8772-d44a7eb71bdd}</UniqueIdentifier>
    </Filter>
    <Filter Include="Shader Files\Terrain">
      <UniqueIdentifier>{bd6cba4c-742e-4117-b280-20ff4f6b4ffe}</UniqueIdentifier>
    </Filter>
    <Filter Include="Source Files\Texture Files">
      <UniqueIdentifier>{b1f43b56-8fb1-47f8-af4e-4bd6d162f2cc}</UniqueIdentifier>
    </Filter>
    <Filter Include="Source Files\Shader Files">
      <UniqueIdentifier>{26aa748a-cfa9-47fc-8262-95b6a34d947f}</UniqueIdentifier>
    </Filter>
    <Filter Include="Source Files\Generation files">
      <UniqueIdentifier>{db26d014-5206-432e-a6c5-af38e55bfc00}</UniqueIdentifier>
    </Filter>
    <Filter Include="Header Files\Shader Files">
      <UniqueIdentifier>{61dcb1a2-9871-4901-8b94-b16e1cf9b097}</UniqueIdentifier>
    </Filter>
    <Filter Include="Header Files\Generation Files">
      <UniqueIdentifier>{a2bf4e86-0db7-4fca-844c-f24b183a1a1e}</UniqueIdentifier>
    </Filter>
    <Filter Include="Header Files\Texture Files">
      <UniqueIdentifier>{35bd686d-b8f6-4860-b6fa-3732b9383ae3}</UniqueIdentifier>
    </Filter>
  </ItemGroup>
  <ItemGroup>
    <ClInclude Include="Source\systemclass.h">
      <Filter>Header Files</Filter>
    </ClInclude>
    <ClInclude Include="Source\textclass.h">
      <Filter>Header Files</Filter>
    </ClInclude>
    <ClInclude Include="Source\timerclass.h">
      <Filter>Header Files</Filter>
    </ClInclude>
    <ClInclude Include="Source\applicationclass.h">
      <Filter>Header Files</Filter>
    </ClInclude>
    <ClInclude Include="Source\cameraclass.h">
      <Filter>Header Files</Filter>
    </ClInclude>
    <ClInclude Include="Source\cpuclass.h">
      <Filter>Header Files</Filter>
    </ClInclude>
    <ClInclude Include="Source\d3dclass.h">
      <Filter>Header Files</Filter>
    </ClInclude>
    <ClInclude Include="Source\fontclass.h">
      <Filter>Header Files</Filter>
    </ClInclude>
    <ClInclude Include="Source\fpsclass.h">
      <Filter>Header Files</Filter>
    </ClInclude>
    <ClInclude Include="Source\inputclass.h">
      <Filter>Header Files</Filter>
    </ClInclude>
    <ClInclude Include="Source\lightclass.h">
      <Filter>Header Files</Filter>
    </ClInclude>
    <ClInclude Include="Source\positionclass.h">
      <Filter>Header Files</Filter>
    </ClInclude>
    <ClInclude Include="Source\orthowindowclass.h">
      <Filter>Header Files</Filter>
    </ClInclude>
    <ClInclude Include="Source\modelclass.h">
      <Filter>Header Files</Filter>
    </ClInclude>
    <ClInclude Include="Source\fluidclass.h">
      <Filter>Header Files\Generation Files</Filter>
    </ClInclude>
    <ClInclude Include="Source\fluidshaderclass.h">
      <Filter>Header Files\Shader Files</Filter>
    </ClInclude>
    <ClInclude Include="Source\terrainshaderclass.h">
      <Filter>Header Files\Shader Files</Filter>
    </ClInclude>
    <ClInclude Include="Source\fontshaderclass.h">
      <Filter>Header Files\Shader Files</Filter>
    </ClInclude>
    <ClInclude Include="Source\convolutionshaderclass.h">
      <Filter>Header Files\Shader Files</Filter>
    </ClInclude>
    <ClInclude Include="Source\texturetotextureshaderclass .h">
      <Filter>Header Files\Shader Files</Filter>
    </ClInclude>
    <ClInclude Include="Source\textureshaderclass.h">
      <Filter>Header Files\Shader Files</Filter>
    </ClInclude>
    <ClInclude Include="Source\ShaderClass.h">
      <Filter>Header Files\Shader Files</Filter>
    </ClInclude>
    <ClInclude Include="Source\terrainclass.h">
      <Filter>Header Files\Generation Files</Filter>
    </ClInclude>
    <ClInclude Include="Source\textureclass.h">
      <Filter>Header Files\Texture Files</Filter>
    </ClInclude>
    <ClInclude Include="Source\rendertextureclass.h">
      <Filter>Header Files\Texture Files</Filter>
    </ClInclude>
    <ClInclude Include="Source\mergetextureshaderclass.h">
      <Filter>Header Files\Shader Files</Filter>
    </ClInclude>
  </ItemGroup>
  <ItemGroup>
    <ClCompile Include="Source\applicationclass.cpp">
      <Filter>Source Files</Filter>
    </ClCompile>
    <ClCompile Include="Source\cameraclass.cpp">
      <Filter>Source Files</Filter>
    </ClCompile>
    <ClCompile Include="Source\cpuclass.cpp">
      <Filter>Source Files</Filter>
    </ClCompile>
    <ClCompile Include="Source\d3dclass.cpp">
      <Filter>Source Files</Filter>
    </ClCompile>
    <ClCompile Include="Source\fontclass.cpp">
      <Filter>Source Files</Filter>
    </ClCompile>
    <ClCompile Include="Source\fpsclass.cpp">
      <Filter>Source Files</Filter>
    </ClCompile>
    <ClCompile Include="Source\inputclass.cpp">
      <Filter>Source Files</Filter>
    </ClCompile>
    <ClCompile Include="Source\lightclass.cpp">
      <Filter>Source Files</Filter>
    </ClCompile>
    <ClCompile Include="Source\main.cpp">
      <Filter>Source Files</Filter>
    </ClCompile>
    <ClCompile Include="Source\positionclass.cpp">
      <Filter>Source Files</Filter>
    </ClCompile>
    <ClCompile Include="Source\systemclass.cpp">
      <Filter>Source Files</Filter>
    </ClCompile>
    <ClCompile Include="Source\textclass.cpp">
      <Filter>Source Files</Filter>
    </ClCompile>
    <ClCompile Include="Source\timerclass.cpp">
      <Filter>Source Files</Filter>
    </ClCompile>
    <ClCompile Include="Source\orthowindowclass.cpp">
      <Filter>Source Files</Filter>
    </ClCompile>
    <ClCompile Include="Source\modelclass.cpp">
      <Filter>Source Files</Filter>
    </ClCompile>
    <ClCompile Include="Source\fluidclass.cpp">
      <Filter>Source Files\Generation files</Filter>
    </ClCompile>
    <ClCompile Include="Source\textureclass.cpp">
      <Filter>Source Files\Texture Files</Filter>
    </ClCompile>
    <ClCompile Include="Source\rendertextureclass.cpp">
      <Filter>Source Files\Texture Files</Filter>
    </ClCompile>
    <ClCompile Include="Source\fluidshaderclass.cpp">
      <Filter>Source Files\Shader Files</Filter>
    </ClCompile>
    <ClCompile Include="Source\textureshaderclass.cpp">
      <Filter>Source Files\Shader Files</Filter>
    </ClCompile>
    <ClCompile Include="Source\texturetotextureshaderclass.cpp">
      <Filter>Source Files\Shader Files</Filter>
    </ClCompile>
    <ClCompile Include="Source\convolutionshaderclass.cpp">
      <Filter>Source Files\Shader Files</Filter>
    </ClCompile>
    <ClCompile Include="Source\fontshaderclass.cpp">
      <Filter>Source Files\Shader Files</Filter>
    </ClCompile>
    <ClCompile Include="Source\terrainshaderclass.cpp">
      <Filter>Source Files\Shader Files</Filter>
    </ClCompile>
    <ClCompile Include="Source\ShaderClass.cpp">
      <Filter>Source Files\Shader Files</Filter>
    </ClCompile>
    <ClCompile Include="Source\terrainclass.cpp">
      <Filter>Source Files\Generation files</Filter>
    </ClCompile>
    <ClCompile Include="Source\mergetextureshaderclass.cpp">
      <Filter>Source Files\Shader Files</Filter>
    </ClCompile>
  </ItemGroup>
  <ItemGroup>
    <None Include="Shader\convolution.ps">
      <Filter>Shader Files\Convolution</Filter>
    </None>
    <None Include="Shader\convolution.vs">
      <Filter>Shader Files\Convolution</Filter>
    </None>
    <None Include="Shader\fluid.ps">
      <Filter>Shader Files\Fluid</Filter>
    </None>
    <None Include="Shader\fluid.vs">
      <Filter>Shader Files\Fluid</Filter>
    </None>
    <None Include="Shader\font.vs">
      <Filter>Shader Files\Font</Filter>
    </None>
    <None Include="Shader\font.ps">
      <Filter>Shader Files\Font</Filter>
    </None>
    <None Include="Shader\terrain.vs">
      <Filter>Shader Files\Terrain</Filter>
    </None>
    <None Include="Shader\terrain.ps">
      <Filter>Shader Files\Terrain</Filter>
    </None>
    <None Include="Shader\texture.ps">
      <Filter>Shader Files\Texture</Filter>
    </None>
    <None Include="Shader\texture.vs">
      <Filter>Shader Files\Texture</Filter>
    </None>
    <None Include="Shader\texturetotexture.ps">
      <Filter>Shader Files\Texture</Filter>
    </None>
    <None Include="Shader\texturetotexture.vs">
      <Filter>Shader Files\Texture</Filter>
    </None>
    <None Include="Shader\waterHeight.vs">
      <Filter>Shader Files\Fluid</Filter>
    </None>
    <None Include="Shader\waterHeight.ps">
      <Filter>Shader Files\Fluid</Filter>
    </None>
    <None Include="Shader\merge.ps">
      <Filter>Shader Files\Texture</Filter>
    </None>
    <None Include="Shader\merge.vs">
      <Filter>Shader Files\Texture</Filter>
    </None>
  </ItemGroup>
</Project>