<?xml version="1.0" encoding="utf-8"?>
<Project ToolsVersion="4.0" xmlns="http://schemas.microsoft.com/developer/msbuild/2003">
  <ItemGroup>
    <Filter Include="Source Files">
      <UniqueIdentifier>{4FC737F1-C7A5-4376-A066-2A32D752A2FF}</UniqueIdentifier>
      <Extensions>cpp;c;cc;cxx;def;odl;idl;hpj;bat;asm;asmx</Extensions>
    </Filter>
    <Filter Include="Header Files">
      <UniqueIdentifier>{93995380-89BD-4b04-88EB-625FBE52EBFB}</UniqueIdentifier>
      <Extensions>h;hpp;hxx;hm;inl;inc;xsd</Extensions>
    </Filter>
    <Filter Include="Shader Files">
      <UniqueIdentifier>{67DA6AB6-F800-4c08-8B7A-83BB121AAD01}</UniqueIdentifier>
      <Extensions>rc;ico;cur;bmp;dlg;rc2;rct;bin;rgs;gif;jpg;jpeg;jpe;resx;tiff;tif;png;wav;mfcribbon-ms</Extensions>
    </Filter>
    <Filter Include="Shader Files\Convolution Files">
      <UniqueIdentifier>{d5824d82-cef7-4f89-bda3-0e1f2c342336}</UniqueIdentifier>
    </Filter>
    <Filter Include="Shader Files\Font Files">
      <UniqueIdentifier>{b8ee1a23-9dbb-4c88-b387-294a8e3e4a3e}</UniqueIdentifier>
    </Filter>
    <Filter Include="Shader Files\Terrain Files">
      <UniqueIdentifier>{82af73c2-2bd6-463c-8000-cbef5230fb69}</UniqueIdentifier>
    </Filter>
    <Filter Include="Shader Files\Fluid Files">
      <UniqueIdentifier>{5b46be28-2f8d-41c9-959c-b04d98efc9c5}</UniqueIdentifier>
    </Filter>
  </ItemGroup>
  <ItemGroup>
    <ClInclude Include="Source\systemclass.h">
      <Filter>Header Files</Filter>
    </ClInclude>
    <ClInclude Include="Source\terrainclass.h">
      <Filter>Header Files</Filter>
    </ClInclude>
    <ClInclude Include="Source\terrainshaderclass.h">
      <Filter>Header Files</Filter>
    </ClInclude>
    <ClInclude Include="Source\textclass.h">
      <Filter>Header Files</Filter>
    </ClInclude>
    <ClInclude Include="Source\textureclass.h">
      <Filter>Header Files</Filter>
    </ClInclude>
    <ClInclude Include="Source\timerclass.h">
      <Filter>Header Files</Filter>
    </ClInclude>
    <ClInclude Include="Source\applicationclass.h">
      <Filter>Header Files</Filter>
    </ClInclude>
    <ClInclude Include="Source\cameraclass.h">
      <Filter>Header Files</Filter>
    </ClInclude>
    <ClInclude Include="Source\convolutionshaderclass.h">
      <Filter>Header Files</Filter>
    </ClInclude>
    <ClInclude Include="Source\cpuclass.h">
      <Filter>Header Files</Filter>
    </ClInclude>
    <ClInclude Include="Source\d3dclass.h">
      <Filter>Header Files</Filter>
    </ClInclude>
    <ClInclude Include="Source\fluidclass.h">
      <Filter>Header Files</Filter>
    </ClInclude>
    <ClInclude Include="Source\fluidshaderclass.h">
      <Filter>Header Files</Filter>
    </ClInclude>
    <ClInclude Include="Source\fontclass.h">
      <Filter>Header Files</Filter>
    </ClInclude>
    <ClInclude Include="Source\fontshaderclass.h">
      <Filter>Header Files</Filter>
    </ClInclude>
    <ClInclude Include="Source\fpsclass.h">
      <Filter>Header Files</Filter>
    </ClInclude>
    <ClInclude Include="Source\inputclass.h">
      <Filter>Header Files</Filter>
    </ClInclude>
    <ClInclude Include="Source\lightclass.h">
      <Filter>Header Files</Filter>
    </ClInclude>
    <ClInclude Include="Source\positionclass.h">
      <Filter>Header Files</Filter>
    </ClInclude>
    <ClInclude Include="Source\rendertextureclass.h">
      <Filter>Header Files</Filter>
    </ClInclude>
  </ItemGroup>
  <ItemGroup>
    <ClCompile Include="Source\applicationclass.cpp">
      <Filter>Source Files</Filter>
    </ClCompile>
    <ClCompile Include="Source\cameraclass.cpp">
      <Filter>Source Files</Filter>
    </ClCompile>
    <ClCompile Include="Source\convolutionshaderclass.cpp">
      <Filter>Source Files</Filter>
    </ClCompile>
    <ClCompile Include="Source\cpuclass.cpp">
      <Filter>Source Files</Filter>
    </ClCompile>
    <ClCompile Include="Source\d3dclass.cpp">
      <Filter>Source Files</Filter>
    </ClCompile>
    <ClCompile Include="Source\fluidclass.cpp">
      <Filter>Source Files</Filter>
    </ClCompile>
    <ClCompile Include="Source\fluidshaderclass.cpp">
      <Filter>Source Files</Filter>
    </ClCompile>
    <ClCompile Include="Source\fontclass.cpp">
      <Filter>Source Files</Filter>
    </ClCompile>
    <ClCompile Include="Source\fontshaderclass.cpp">
      <Filter>Source Files</Filter>
    </ClCompile>
    <ClCompile Include="Source\fpsclass.cpp">
      <Filter>Source Files</Filter>
    </ClCompile>
    <ClCompile Include="Source\inputclass.cpp">
      <Filter>Source Files</Filter>
    </ClCompile>
    <ClCompile Include="Source\lightclass.cpp">
      <Filter>Source Files</Filter>
    </ClCompile>
    <ClCompile Include="Source\main.cpp">
      <Filter>Source Files</Filter>
    </ClCompile>
    <ClCompile Include="Source\positionclass.cpp">
      <Filter>Source Files</Filter>
    </ClCompile>
    <ClCompile Include="Source\rendertextureclass.cpp">
      <Filter>Source Files</Filter>
    </ClCompile>
    <ClCompile Include="Source\systemclass.cpp">
      <Filter>Source Files</Filter>
    </ClCompile>
    <ClCompile Include="Source\terrainclass.cpp">
      <Filter>Source Files</Filter>
    </ClCompile>
    <ClCompile Include="Source\terrainshaderclass.cpp">
      <Filter>Source Files</Filter>
    </ClCompile>
    <ClCompile Include="Source\textclass.cpp">
      <Filter>Source Files</Filter>
    </ClCompile>
    <ClCompile Include="Source\textureclass.cpp">
      <Filter>Source Files</Filter>
    </ClCompile>
    <ClCompile Include="Source\timerclass.cpp">
      <Filter>Source Files</Filter>
    </ClCompile>
  </ItemGroup>
  <ItemGroup>
    <None Include="Shader\convolution.ps">
      <Filter>Shader Files\Convolution Files</Filter>
    </None>
    <None Include="Shader\convolution.vs">
      <Filter>Shader Files\Convolution Files</Filter>
    </None>
    <None Include="Shader\font.ps">
      <Filter>Shader Files\Font Files</Filter>
    </None>
    <None Include="Shader\font.vs">
      <Filter>Shader Files\Font Files</Filter>
    </None>
    <None Include="Shader\terrain.ps">
      <Filter>Shader Files\Terrain Files</Filter>
    </None>
    <None Include="Shader\terrain.vs">
      <Filter>Shader Files\Terrain Files</Filter>
    </None>
    <None Include="Shader\fluid.ps">
      <Filter>Shader Files\Fluid Files</Filter>
    </None>
    <None Include="Shader\fluid.vs">
      <Filter>Shader Files\Fluid Files</Filter>
    </None>
  </ItemGroup>
</Project>